
Microsoft Visual Studio Solution File, Format Version 12.00
# Visual Studio Version 16
VisualStudioVersion = 16.0.33423.256
MinimumVisualStudioVersion = 10.0.40219.1
Project("{FAE04EC0-301F-11D3-BF4B-00C04F79EFBC}") = "Cadastros_Forms", "Cadastros_Forms\Cadastros_Forms.csproj", "{21D7C960-4EBF-4A5B-BD2B-E701759EE2E0}"
EndProject
Global
	GlobalSection(SolutionConfigurationPlatforms) = preSolution
		Debug|Any CPU = Debug|Any CPU
		Release|Any CPU = Release|Any CPU
	EndGlobalSection
	GlobalSection(ProjectConfigurationPlatforms) = postSolution
		{21D7C960-4EBF-4A5B-BD2B-E701759EE2E0}.Debug|Any CPU.ActiveCfg = Debug|Any CPU
		{21D7C960-4EBF-4A5B-BD2B-E701759EE2E0}.Debug|Any CPU.Build.0 = Debug|Any CPU
		{21D7C960-4EBF-4A5B-BD2B-E701759EE2E0}.Release|Any CPU.ActiveCfg = Release|Any CPU
		{21D7C960-4EBF-4A5B-BD2B-E701759EE2E0}.Release|Any CPU.Build.0 = Release|Any CPU
	EndGlobalSection
	GlobalSection(SolutionProperties) = preSolution
		HideSolutionNode = FALSE
	EndGlobalSection
	GlobalSection(ExtensibilityGlobals) = postSolution
		SolutionGuid = {504C820D-318B-420A-B159-F660324F17EA}
	EndGlobalSection
EndGlobal
